
Microsoft Visual Studio Solution File, Format Version 12.00
# Visual Studio 15
VisualStudioVersion = 15.0.28307.1622
MinimumVisualStudioVersion = 10.0.40219.1
Project("{FAE04EC0-301F-11D3-BF4B-00C04F79EFBC}") = "LaboratuvarOdevi211118", "LaboratuvarOdevi211118\LaboratuvarOdevi211118.csproj", "{425C5F26-A6D1-426A-8E1B-C1148A27BC82}"
EndProject
Global
	GlobalSection(SolutionConfigurationPlatforms) = preSolution
		Debug|Any CPU = Debug|Any CPU
		Release|Any CPU = Release|Any CPU
	EndGlobalSection
	GlobalSection(ProjectConfigurationPlatforms) = postSolution
		{425C5F26-A6D1-426A-8E1B-C1148A27BC82}.Debug|Any CPU.ActiveCfg = Debug|Any CPU
		{425C5F26-A6D1-426A-8E1B-C1148A27BC82}.Debug|Any CPU.Build.0 = Debug|Any CPU
		{425C5F26-A6D1-426A-8E1B-C1148A27BC82}.Release|Any CPU.ActiveCfg = Release|Any CPU
		{425C5F26-A6D1-426A-8E1B-C1148A27BC82}.Release|Any CPU.Build.0 = Release|Any CPU
	EndGlobalSection
	GlobalSection(SolutionProperties) = preSolution
		HideSolutionNode = FALSE
	EndGlobalSection
	GlobalSection(ExtensibilityGlobals) = postSolution
		SolutionGuid = {8EDCD254-D41D-479A-81A9-ADEA75B308C8}
	EndGlobalSection
EndGlobal
